
Microsoft Visual Studio Solution File, Format Version 12.00
# Visual Studio Version 16
VisualStudioVersion = 16.0.31624.102
MinimumVisualStudioVersion = 10.0.40219.1
Project("{9A19103F-16F7-4668-BE54-9A1E7A4F7556}") = "ArraySorting", "ArraySorting\ArraySorting.csproj", "{5D7C389B-520F-4042-922E-6F21801D9114}"
EndProject
Project("{9A19103F-16F7-4668-BE54-9A1E7A4F7556}") = "Tests", "Tests\Tests.csproj", "{12A9478D-F182-4308-9FBB-98AE607DE7A3}"
EndProject
Project("{9A19103F-16F7-4668-BE54-9A1E7A4F7556}") = "Client", "Client\Client.csproj", "{607AEA58-870A-49BB-A13E-72A3760A6DF6}"
EndProject
Global
	GlobalSection(SolutionConfigurationPlatforms) = preSolution
		Debug|Any CPU = Debug|Any CPU
		Release|Any CPU = Release|Any CPU
	EndGlobalSection
	GlobalSection(ProjectConfigurationPlatforms) = postSolution
		{5D7C389B-520F-4042-922E-6F21801D9114}.Debug|Any CPU.ActiveCfg = Debug|Any CPU
		{5D7C389B-520F-4042-922E-6F21801D9114}.Debug|Any CPU.Build.0 = Debug|Any CPU
		{5D7C389B-520F-4042-922E-6F21801D9114}.Release|Any CPU.ActiveCfg = Release|Any CPU
		{5D7C389B-520F-4042-922E-6F21801D9114}.Release|Any CPU.Build.0 = Release|Any CPU
		{12A9478D-F182-4308-9FBB-98AE607DE7A3}.Debug|Any CPU.ActiveCfg = Debug|Any CPU
		{12A9478D-F182-4308-9FBB-98AE607DE7A3}.Debug|Any CPU.Build.0 = Debug|Any CPU
		{12A9478D-F182-4308-9FBB-98AE607DE7A3}.Release|Any CPU.ActiveCfg = Release|Any CPU
		{12A9478D-F182-4308-9FBB-98AE607DE7A3}.Release|Any CPU.Build.0 = Release|Any CPU
		{607AEA58-870A-49BB-A13E-72A3760A6DF6}.Debug|Any CPU.ActiveCfg = Debug|Any CPU
		{607AEA58-870A-49BB-A13E-72A3760A6DF6}.Debug|Any CPU.Build.0 = Debug|Any CPU
		{607AEA58-870A-49BB-A13E-72A3760A6DF6}.Release|Any CPU.ActiveCfg = Release|Any CPU
		{607AEA58-870A-49BB-A13E-72A3760A6DF6}.Release|Any CPU.Build.0 = Release|Any CPU
	EndGlobalSection
	GlobalSection(SolutionProperties) = preSolution
		HideSolutionNode = FALSE
	EndGlobalSection
	GlobalSection(ExtensibilityGlobals) = postSolution
		SolutionGuid = {3984BA79-372C-4BBC-B30E-FFB9396843EA}
	EndGlobalSection
EndGlobal
